
Microsoft Visual Studio Solution File, Format Version 12.00
# Visual Studio Version 16
VisualStudioVersion = 16.0.28606.126
MinimumVisualStudioVersion = 10.0.40219.1
Project("{F2A71F9B-5D33-465A-A702-920D77279786}") = "FSharpTools", "FSharpTools\FSharpTools.fsproj", "{58B6A3AF-C6FD-42CD-9E23-BEDCD286A0A2}"
EndProject
Global
	GlobalSection(SolutionConfigurationPlatforms) = preSolution
		Debug|Any CPU = Debug|Any CPU
		Release|Any CPU = Release|Any CPU
	EndGlobalSection
	GlobalSection(ProjectConfigurationPlatforms) = postSolution
		{58B6A3AF-C6FD-42CD-9E23-BEDCD286A0A2}.Debug|Any CPU.ActiveCfg = Debug|Any CPU
		{58B6A3AF-C6FD-42CD-9E23-BEDCD286A0A2}.Debug|Any CPU.Build.0 = Debug|Any CPU
		{58B6A3AF-C6FD-42CD-9E23-BEDCD286A0A2}.Release|Any CPU.ActiveCfg = Release|Any CPU
		{58B6A3AF-C6FD-42CD-9E23-BEDCD286A0A2}.Release|Any CPU.Build.0 = Release|Any CPU
	EndGlobalSection
	GlobalSection(SolutionProperties) = preSolution
		HideSolutionNode = FALSE
	EndGlobalSection
	GlobalSection(ExtensibilityGlobals) = postSolution
		SolutionGuid = {D565298D-1B15-442D-869E-20C6CF908A51}
	EndGlobalSection
EndGlobal
